
Microsoft Visual Studio Solution File, Format Version 12.00
# Visual Studio Version 17
VisualStudioVersion = 17.5.33516.290
MinimumVisualStudioVersion = 10.0.40219.1
Project("{9A19103F-16F7-4668-BE54-9A1E7A4F7556}") = "Zoo", "Zoo\Zoo.csproj", "{DDCA52EA-0EB2-421D-B835-2F63DF0A00DA}"
EndProject
Project("{FAE04EC0-301F-11D3-BF4B-00C04F79EFBC}") = "Zoo.Test", "Zoo.Test\Zoo.Test\Zoo.Test.csproj", "{66F5BA62-4E9B-43EC-AE57-C23D09689A2A}"
EndProject
Global
	GlobalSection(SolutionConfigurationPlatforms) = preSolution
		Debug|Any CPU = Debug|Any CPU
		Release|Any CPU = Release|Any CPU
	EndGlobalSection
	GlobalSection(ProjectConfigurationPlatforms) = postSolution
		{DDCA52EA-0EB2-421D-B835-2F63DF0A00DA}.Debug|Any CPU.ActiveCfg = Debug|Any CPU
		{DDCA52EA-0EB2-421D-B835-2F63DF0A00DA}.Debug|Any CPU.Build.0 = Debug|Any CPU
		{DDCA52EA-0EB2-421D-B835-2F63DF0A00DA}.Release|Any CPU.ActiveCfg = Release|Any CPU
		{DDCA52EA-0EB2-421D-B835-2F63DF0A00DA}.Release|Any CPU.Build.0 = Release|Any CPU
		{66F5BA62-4E9B-43EC-AE57-C23D09689A2A}.Debug|Any CPU.ActiveCfg = Debug|Any CPU
		{66F5BA62-4E9B-43EC-AE57-C23D09689A2A}.Debug|Any CPU.Build.0 = Debug|Any CPU
		{66F5BA62-4E9B-43EC-AE57-C23D09689A2A}.Release|Any CPU.ActiveCfg = Release|Any CPU
		{66F5BA62-4E9B-43EC-AE57-C23D09689A2A}.Release|Any CPU.Build.0 = Release|Any CPU
	EndGlobalSection
	GlobalSection(SolutionProperties) = preSolution
		HideSolutionNode = FALSE
	EndGlobalSection
	GlobalSection(ExtensibilityGlobals) = postSolution
		SolutionGuid = {ACD1F62F-72C2-4A01-AC6B-93ECB24FED7B}
	EndGlobalSection
EndGlobal
